
Microsoft Visual Studio Solution File, Format Version 12.00
# Visual Studio 15
VisualStudioVersion = 15.0.27703.2000
MinimumVisualStudioVersion = 10.0.40219.1
Project("{8BC9CEB8-8B4A-11D0-8D11-00A0C91BC942}") = "tolua", "tolua.vcxproj", "{A145A638-BA64-42AD-A139-18054A5E77C3}"
EndProject
Project("{8BC9CEB8-8B4A-11D0-8D11-00A0C91BC942}") = "libtolua", "..\android\libtolua.vcxproj", "{9EF22B3B-B085-4020-8D91-E6AF5076A79E}"
EndProject
Global
	GlobalSection(SolutionConfigurationPlatforms) = preSolution
		Debug|ARM = Debug|ARM
		Debug|ARM64 = Debug|ARM64
		Debug|x64 = Debug|x64
		Debug|x86 = Debug|x86
		Release|ARM = Release|ARM
		Release|ARM64 = Release|ARM64
		Release|x64 = Release|x64
		Release|x86 = Release|x86
	EndGlobalSection
	GlobalSection(ProjectConfigurationPlatforms) = postSolution
		{A145A638-BA64-42AD-A139-18054A5E77C3}.Debug|ARM.ActiveCfg = Debug|Win32
		{A145A638-BA64-42AD-A139-18054A5E77C3}.Debug|ARM64.ActiveCfg = Debug|Win32
		{A145A638-BA64-42AD-A139-18054A5E77C3}.Debug|x64.ActiveCfg = Debug|x64
		{A145A638-BA64-42AD-A139-18054A5E77C3}.Debug|x64.Build.0 = Debug|x64
		{A145A638-BA64-42AD-A139-18054A5E77C3}.Debug|x86.ActiveCfg = Debug|Win32
		{A145A638-BA64-42AD-A139-18054A5E77C3}.Debug|x86.Build.0 = Debug|Win32
		{A145A638-BA64-42AD-A139-18054A5E77C3}.Release|ARM.ActiveCfg = Release|x64
		{A145A638-BA64-42AD-A139-18054A5E77C3}.Release|ARM64.ActiveCfg = Release|Win32
		{A145A638-BA64-42AD-A139-18054A5E77C3}.Release|x64.ActiveCfg = Release|x64
		{A145A638-BA64-42AD-A139-18054A5E77C3}.Release|x64.Build.0 = Release|x64
		{A145A638-BA64-42AD-A139-18054A5E77C3}.Release|x86.ActiveCfg = Release|Win32
		{A145A638-BA64-42AD-A139-18054A5E77C3}.Release|x86.Build.0 = Release|Win32
		{9EF22B3B-B085-4020-8D91-E6AF5076A79E}.Debug|ARM.ActiveCfg = Debug|ARM
		{9EF22B3B-B085-4020-8D91-E6AF5076A79E}.Debug|ARM.Build.0 = Debug|ARM
		{9EF22B3B-B085-4020-8D91-E6AF5076A79E}.Debug|ARM64.ActiveCfg = Debug|ARM64
		{9EF22B3B-B085-4020-8D91-E6AF5076A79E}.Debug|ARM64.Build.0 = Debug|ARM64
		{9EF22B3B-B085-4020-8D91-E6AF5076A79E}.Debug|x64.ActiveCfg = Debug|x64
		{9EF22B3B-B085-4020-8D91-E6AF5076A79E}.Debug|x64.Build.0 = Debug|x64
		{9EF22B3B-B085-4020-8D91-E6AF5076A79E}.Debug|x86.ActiveCfg = Debug|x86
		{9EF22B3B-B085-4020-8D91-E6AF5076A79E}.Debug|x86.Build.0 = Debug|x86
		{9EF22B3B-B085-4020-8D91-E6AF5076A79E}.Release|ARM.ActiveCfg = Release|ARM
		{9EF22B3B-B085-4020-8D91-E6AF5076A79E}.Release|ARM.Build.0 = Release|ARM
		{9EF22B3B-B085-4020-8D91-E6AF5076A79E}.Release|ARM64.ActiveCfg = Release|ARM64
		{9EF22B3B-B085-4020-8D91-E6AF5076A79E}.Release|ARM64.Build.0 = Release|ARM64
		{9EF22B3B-B085-4020-8D91-E6AF5076A79E}.Release|x64.ActiveCfg = Release|x64
		{9EF22B3B-B085-4020-8D91-E6AF5076A79E}.Release|x86.ActiveCfg = Release|x86
		{9EF22B3B-B085-4020-8D91-E6AF5076A79E}.Release|x86.Build.0 = Release|x86
	EndGlobalSection
	GlobalSection(SolutionProperties) = preSolution
		HideSolutionNode = FALSE
	EndGlobalSection
	GlobalSection(ExtensibilityGlobals) = postSolution
		SolutionGuid = {9BF37655-F1B9-474E-B53D-5BCCE8053FB6}
	EndGlobalSection
EndGlobal
